
Microsoft Visual Studio Solution File, Format Version 12.00
# Visual Studio Version 17
VisualStudioVersion = 17.5.33502.453
MinimumVisualStudioVersion = 10.0.40219.1
Project("{FAE04EC0-301F-11D3-BF4B-00C04F79EFBC}") = "p2SecimSistemi", "p2SecimSistemi\p2SecimSistemi.csproj", "{15C59CBD-F7ED-41BB-A89F-D06826FBDC15}"
EndProject
Global
	GlobalSection(SolutionConfigurationPlatforms) = preSolution
		Debug|Any CPU = Debug|Any CPU
		Release|Any CPU = Release|Any CPU
	EndGlobalSection
	GlobalSection(ProjectConfigurationPlatforms) = postSolution
		{15C59CBD-F7ED-41BB-A89F-D06826FBDC15}.Debug|Any CPU.ActiveCfg = Debug|Any CPU
		{15C59CBD-F7ED-41BB-A89F-D06826FBDC15}.Debug|Any CPU.Build.0 = Debug|Any CPU
		{15C59CBD-F7ED-41BB-A89F-D06826FBDC15}.Release|Any CPU.ActiveCfg = Release|Any CPU
		{15C59CBD-F7ED-41BB-A89F-D06826FBDC15}.Release|Any CPU.Build.0 = Release|Any CPU
	EndGlobalSection
	GlobalSection(SolutionProperties) = preSolution
		HideSolutionNode = FALSE
	EndGlobalSection
	GlobalSection(ExtensibilityGlobals) = postSolution
		SolutionGuid = {1C3ABE5A-2C2D-4AE6-96C9-5FA44BCB8D07}
	EndGlobalSection
EndGlobal
